
Microsoft Visual Studio Solution File, Format Version 12.00
# Visual Studio Version 17
VisualStudioVersion = 17.8.34309.116
MinimumVisualStudioVersion = 10.0.40219.1
Project("{2150E333-8FDC-42A3-9474-1A3956D46DE8}") = "docs", "docs", "{557135B5-A9C4-4AEA-88AB-D1379FC95E20}"
	ProjectSection(SolutionItems) = preProject
		..\docs\aula1.md = ..\docs\aula1.md
		..\docs\aula10.md = ..\docs\aula10.md
		..\docs\aula11.md = ..\docs\aula11.md
		..\docs\aula12.md = ..\docs\aula12.md
		..\docs\aula13.md = ..\docs\aula13.md
		..\docs\aula14.md = ..\docs\aula14.md
		..\docs\aula15.md = ..\docs\aula15.md
		..\docs\aula2.md = ..\docs\aula2.md
		..\docs\aula3.md = ..\docs\aula3.md
		..\docs\aula4.md = ..\docs\aula4.md
		..\docs\aula5.md = ..\docs\aula5.md
		..\docs\aula6.md = ..\docs\aula6.md
		..\docs\aula7.md = ..\docs\aula7.md
		..\docs\aula8.md = ..\docs\aula8.md
		..\docs\aula9.md = ..\docs\aula9.md
	EndProjectSection
EndProject
Project("{2150E333-8FDC-42A3-9474-1A3956D46DE8}") = "src", "src", "{8FE15E3A-F530-4BFB-874C-3F2C4F2F788E}"
EndProject
Project("{2150E333-8FDC-42A3-9474-1A3956D46DE8}") = "Aula01", "Aula01", "{BC7F06DF-CD58-4B7D-B86F-49BDA1B764CE}"
EndProject
Project("{FAE04EC0-301F-11D3-BF4B-00C04F79EFBC}") = "Senai.Asp.Net.Core.Mvc.MvcMovie", "..\src\Aula01\Senai.Asp.Net.Core.Mvc.MvcMovie\Senai.Asp.Net.Core.Mvc.MvcMovie.csproj", "{8AD8822E-1CB1-4AE0-B131-EDB4485F19E2}"
EndProject
Global
	GlobalSection(SolutionConfigurationPlatforms) = preSolution
		Debug|Any CPU = Debug|Any CPU
		Release|Any CPU = Release|Any CPU
	EndGlobalSection
	GlobalSection(ProjectConfigurationPlatforms) = postSolution
		{8AD8822E-1CB1-4AE0-B131-EDB4485F19E2}.Debug|Any CPU.ActiveCfg = Debug|Any CPU
		{8AD8822E-1CB1-4AE0-B131-EDB4485F19E2}.Debug|Any CPU.Build.0 = Debug|Any CPU
		{8AD8822E-1CB1-4AE0-B131-EDB4485F19E2}.Release|Any CPU.ActiveCfg = Release|Any CPU
		{8AD8822E-1CB1-4AE0-B131-EDB4485F19E2}.Release|Any CPU.Build.0 = Release|Any CPU
	EndGlobalSection
	GlobalSection(SolutionProperties) = preSolution
		HideSolutionNode = FALSE
	EndGlobalSection
	GlobalSection(NestedProjects) = preSolution
		{BC7F06DF-CD58-4B7D-B86F-49BDA1B764CE} = {8FE15E3A-F530-4BFB-874C-3F2C4F2F788E}
		{8AD8822E-1CB1-4AE0-B131-EDB4485F19E2} = {BC7F06DF-CD58-4B7D-B86F-49BDA1B764CE}
	EndGlobalSection
	GlobalSection(ExtensibilityGlobals) = postSolution
		SolutionGuid = {3AF4F095-1041-4B6F-AF77-1F173E912D11}
	EndGlobalSection
EndGlobal
