
Microsoft Visual Studio Solution File, Format Version 12.00
# Visual Studio Version 17
VisualStudioVersion = 17.8.34309.116
MinimumVisualStudioVersion = 10.0.40219.1
Project("{2150E333-8FDC-42A3-9474-1A3956D46DE8}") = "docs", "docs", "{557135B5-A9C4-4AEA-88AB-D1379FC95E20}"
	ProjectSection(SolutionItems) = preProject
		..\docs\aula1.md = ..\docs\aula1.md
		..\docs\aula10.md = ..\docs\aula10.md
		..\docs\aula11.md = ..\docs\aula11.md
		..\docs\aula12.md = ..\docs\aula12.md
		..\docs\aula13.md = ..\docs\aula13.md
		..\docs\aula14.md = ..\docs\aula14.md
		..\docs\aula15.md = ..\docs\aula15.md
		..\docs\aula2.md = ..\docs\aula2.md
		..\docs\aula3.md = ..\docs\aula3.md
		..\docs\aula4.md = ..\docs\aula4.md
		..\docs\aula5.md = ..\docs\aula5.md
		..\docs\aula6.md = ..\docs\aula6.md
		..\docs\aula7.md = ..\docs\aula7.md
		..\docs\aula8.md = ..\docs\aula8.md
		..\docs\aula9.md = ..\docs\aula9.md
	EndProjectSection
EndProject
Project("{2150E333-8FDC-42A3-9474-1A3956D46DE8}") = "src", "src", "{8FE15E3A-F530-4BFB-874C-3F2C4F2F788E}"
EndProject
Project("{2150E333-8FDC-42A3-9474-1A3956D46DE8}") = "Aula01", "Aula01", "{BC7F06DF-CD58-4B7D-B86F-49BDA1B764CE}"
EndProject
Project("{9A19103F-16F7-4668-BE54-9A1E7A4F7556}") = "Senai.Asp.Net.Core.Mvc.MvcMovie", "..\src\Aula01\Senai.Asp.Net.Core.Mvc.MvcMovie\Senai.Asp.Net.Core.Mvc.MvcMovie.csproj", "{8AD8822E-1CB1-4AE0-B131-EDB4485F19E2}"
EndProject
Project("{2150E333-8FDC-42A3-9474-1A3956D46DE8}") = "Itens de Solução", "Itens de Solução", "{6CD8337F-D63A-4367-8F5C-6696B183013D}"
	ProjectSection(SolutionItems) = preProject
		..\README.md = ..\README.md
	EndProjectSection
EndProject
Project("{2150E333-8FDC-42A3-9474-1A3956D46DE8}") = "Aula05", "Aula05", "{4FF9E2BA-0482-4AED-AFD9-E37B55B057F6}"
EndProject
Project("{9A19103F-16F7-4668-BE54-9A1E7A4F7556}") = "Senai.Asp.Net.Core.Mvc.Ponto", "Senai.Asp.Net.Core.Mvc.Ponto\Senai.Asp.Net.Core.Mvc.Ponto.csproj", "{73CAA673-ACDF-4013-AB77-1D4A08A07F84}"
EndProject
Project("{2150E333-8FDC-42A3-9474-1A3956D46DE8}") = "Aula08", "Aula08", "{EDF748D8-F9DC-4699-9255-22A94F9DF038}"
EndProject
Project("{9A19103F-16F7-4668-BE54-9A1E7A4F7556}") = "Authentication.Service", "..\src\Aula08\Authentication.Service\Authentication.Service.csproj", "{B8BB1FD1-0B12-4F89-BE58-A0E069F15B8B}"
EndProject
Project("{9A19103F-16F7-4668-BE54-9A1E7A4F7556}") = "Authentication.Application", "..\src\Aula08\Authentication.Application\Authentication.Application.csproj", "{7344AB29-49EA-4DD1-A74C-6D8EFD6B2F7F}"
EndProject
Project("{9A19103F-16F7-4668-BE54-9A1E7A4F7556}") = "Authentication.Infrastructure", "..\src\Aula08\Authentication.Infrastructure\Authentication.Infrastructure.csproj", "{F82A821A-5730-4FD8-8055-E6FA3C2A3741}"
EndProject
Project("{9A19103F-16F7-4668-BE54-9A1E7A4F7556}") = "Authentication.Domain", "..\src\Aula08\Authentication.Domain\Authentication.Domain.csproj", "{4CB6A407-7194-424B-B03C-D2DE1D31B2CB}"
EndProject
Global
	GlobalSection(SolutionConfigurationPlatforms) = preSolution
		Debug|Any CPU = Debug|Any CPU
		Release|Any CPU = Release|Any CPU
	EndGlobalSection
	GlobalSection(ProjectConfigurationPlatforms) = postSolution
		{8AD8822E-1CB1-4AE0-B131-EDB4485F19E2}.Debug|Any CPU.ActiveCfg = Debug|Any CPU
		{8AD8822E-1CB1-4AE0-B131-EDB4485F19E2}.Debug|Any CPU.Build.0 = Debug|Any CPU
		{8AD8822E-1CB1-4AE0-B131-EDB4485F19E2}.Release|Any CPU.ActiveCfg = Release|Any CPU
		{8AD8822E-1CB1-4AE0-B131-EDB4485F19E2}.Release|Any CPU.Build.0 = Release|Any CPU
		{73CAA673-ACDF-4013-AB77-1D4A08A07F84}.Debug|Any CPU.ActiveCfg = Debug|Any CPU
		{73CAA673-ACDF-4013-AB77-1D4A08A07F84}.Debug|Any CPU.Build.0 = Debug|Any CPU
		{73CAA673-ACDF-4013-AB77-1D4A08A07F84}.Release|Any CPU.ActiveCfg = Release|Any CPU
		{73CAA673-ACDF-4013-AB77-1D4A08A07F84}.Release|Any CPU.Build.0 = Release|Any CPU
		{B8BB1FD1-0B12-4F89-BE58-A0E069F15B8B}.Debug|Any CPU.ActiveCfg = Debug|Any CPU
		{B8BB1FD1-0B12-4F89-BE58-A0E069F15B8B}.Debug|Any CPU.Build.0 = Debug|Any CPU
		{B8BB1FD1-0B12-4F89-BE58-A0E069F15B8B}.Release|Any CPU.ActiveCfg = Release|Any CPU
		{B8BB1FD1-0B12-4F89-BE58-A0E069F15B8B}.Release|Any CPU.Build.0 = Release|Any CPU
		{7344AB29-49EA-4DD1-A74C-6D8EFD6B2F7F}.Debug|Any CPU.ActiveCfg = Debug|Any CPU
		{7344AB29-49EA-4DD1-A74C-6D8EFD6B2F7F}.Debug|Any CPU.Build.0 = Debug|Any CPU
		{7344AB29-49EA-4DD1-A74C-6D8EFD6B2F7F}.Release|Any CPU.ActiveCfg = Release|Any CPU
		{7344AB29-49EA-4DD1-A74C-6D8EFD6B2F7F}.Release|Any CPU.Build.0 = Release|Any CPU
		{F82A821A-5730-4FD8-8055-E6FA3C2A3741}.Debug|Any CPU.ActiveCfg = Debug|Any CPU
		{F82A821A-5730-4FD8-8055-E6FA3C2A3741}.Debug|Any CPU.Build.0 = Debug|Any CPU
		{F82A821A-5730-4FD8-8055-E6FA3C2A3741}.Release|Any CPU.ActiveCfg = Release|Any CPU
		{F82A821A-5730-4FD8-8055-E6FA3C2A3741}.Release|Any CPU.Build.0 = Release|Any CPU
		{4CB6A407-7194-424B-B03C-D2DE1D31B2CB}.Debug|Any CPU.ActiveCfg = Debug|Any CPU
		{4CB6A407-7194-424B-B03C-D2DE1D31B2CB}.Debug|Any CPU.Build.0 = Debug|Any CPU
		{4CB6A407-7194-424B-B03C-D2DE1D31B2CB}.Release|Any CPU.ActiveCfg = Release|Any CPU
		{4CB6A407-7194-424B-B03C-D2DE1D31B2CB}.Release|Any CPU.Build.0 = Release|Any CPU
	EndGlobalSection
	GlobalSection(SolutionProperties) = preSolution
		HideSolutionNode = FALSE
	EndGlobalSection
	GlobalSection(NestedProjects) = preSolution
		{BC7F06DF-CD58-4B7D-B86F-49BDA1B764CE} = {8FE15E3A-F530-4BFB-874C-3F2C4F2F788E}
		{8AD8822E-1CB1-4AE0-B131-EDB4485F19E2} = {BC7F06DF-CD58-4B7D-B86F-49BDA1B764CE}
		{4FF9E2BA-0482-4AED-AFD9-E37B55B057F6} = {8FE15E3A-F530-4BFB-874C-3F2C4F2F788E}
		{73CAA673-ACDF-4013-AB77-1D4A08A07F84} = {4FF9E2BA-0482-4AED-AFD9-E37B55B057F6}
		{EDF748D8-F9DC-4699-9255-22A94F9DF038} = {8FE15E3A-F530-4BFB-874C-3F2C4F2F788E}
		{B8BB1FD1-0B12-4F89-BE58-A0E069F15B8B} = {EDF748D8-F9DC-4699-9255-22A94F9DF038}
		{7344AB29-49EA-4DD1-A74C-6D8EFD6B2F7F} = {EDF748D8-F9DC-4699-9255-22A94F9DF038}
		{F82A821A-5730-4FD8-8055-E6FA3C2A3741} = {EDF748D8-F9DC-4699-9255-22A94F9DF038}
		{4CB6A407-7194-424B-B03C-D2DE1D31B2CB} = {EDF748D8-F9DC-4699-9255-22A94F9DF038}
	EndGlobalSection
	GlobalSection(ExtensibilityGlobals) = postSolution
		SolutionGuid = {3AF4F095-1041-4B6F-AF77-1F173E912D11}
	EndGlobalSection
EndGlobal
